lockfileVersion: 5.3

specifiers:
  cookie-store-interface: ^0.1.1
  typescript: ^4.6.3

dependencies:
  cookie-store-interface: 0.1.1

devDependencies:
  typescript: 4.6.3

packages:

  /cookie-store-interface/0.1.1:
    resolution: {integrity: sha512-fwEY2FxGL4c2YVNHuTSaxNph9whnvVs5gRMhQ2Lr33CzQJkFlRyElSo4PDvGSVnv4Ps++i17+uNI/GYAM6ciBg==}
    dev: false

  /typescript/4.6.3:
    resolution: {integrity: sha512-yNIatDa5iaofVozS/uQJEl3JRWLKKGJKh6Yaiv0GLGSuhpFJe7P3SbHZ8/yjAHRQwKRoA6YZqlfjXWmVzoVSMw==}
    engines: {node: '>=4.2.0'}
    hasBin: true
    dev: true
